
Microsoft Visual Studio Solution File, Format Version 12.00
# Visual Studio Version 16
VisualStudioVersion = 16.0.31702.278
MinimumVisualStudioVersion = 10.0.40219.1
Project("{FAE04EC0-301F-11D3-BF4B-00C04F79EFBC}") = "EvaluacijaOcena", "EvaluacijaOcena\EvaluacijaOcena.csproj", "{844F1CD1-8D71-40A2-AAA4-357E25E32B36}"
EndProject
Global
	GlobalSection(SolutionConfigurationPlatforms) = preSolution
		Debug|Any CPU = Debug|Any CPU
		Release|Any CPU = Release|Any CPU
	EndGlobalSection
	GlobalSection(ProjectConfigurationPlatforms) = postSolution
		{844F1CD1-8D71-40A2-AAA4-357E25E32B36}.Debug|Any CPU.ActiveCfg = Debug|Any CPU
		{844F1CD1-8D71-40A2-AAA4-357E25E32B36}.Debug|Any CPU.Build.0 = Debug|Any CPU
		{844F1CD1-8D71-40A2-AAA4-357E25E32B36}.Release|Any CPU.ActiveCfg = Release|Any CPU
		{844F1CD1-8D71-40A2-AAA4-357E25E32B36}.Release|Any CPU.Build.0 = Release|Any CPU
	EndGlobalSection
	GlobalSection(SolutionProperties) = preSolution
		HideSolutionNode = FALSE
	EndGlobalSection
	GlobalSection(ExtensibilityGlobals) = postSolution
		SolutionGuid = {30ABCB5F-D4F1-4EC1-8EE9-8175E58C0E81}
	EndGlobalSection
EndGlobal
